{
  "name": "polacamobile",
  "version": "3.4",
  "lockfileVersion": 1,
  "requires": true,
  "dependencies": {
    "react-native-pie-chart": {
      "version": "1.0.13",
      "resolved": "https://registry.npmjs.org/react-native-pie-chart/-/react-native-pie-chart-1.0.13.tgz",
      "integrity": "sha512-3SYGGDq3ZnL6kJNeaFxd7BHqBU1+umD9POYYlGMlYEE0sPpZ7Pw+kgiPcm70xUP9Kuj8/def3A2/0krOtNhohA=="
    }
  }
}
